{
  "version": 4,
  "terraform_version": "1.9.5",
  "serial": 73,
  "lineage": "b13e96fa-4aaf-fecc-54a6-fd01121aef02",
  "outputs": {},
  "resources": [
    {
      "mode": "managed",
      "type": "dbtcloud_project",
      "name": "customer_projects",
      "provider": "provider[\"registry.terraform.io/dbt-labs/dbtcloud\"]",
      "instances": [
        {
          "index_key": "Customer C",
          "schema_version": 0,
          "attributes": {
            "dbt_project_subdirectory": "",
            "id": "378019",
            "name": "Customer C"
          },
          "sensitive_attributes": [],
          "private": "bnVsbA=="
        }
      ]
    },
    {
      "mode": "managed",
      "type": "dbtcloud_project_repository",
      "name": "dbt_project_repository",
      "provider": "provider[\"registry.terraform.io/dbt-labs/dbtcloud\"]",
      "instances": [
        {
          "index_key": "Customer C",
          "schema_version": 0,
          "attributes": {
            "id": "378019:824633798880",
            "project_id": 378019,
            "repository_id": 229600
          },
          "sensitive_attributes": [],
          "private": "bnVsbA==",
          "dependencies": [
            "dbtcloud_project.customer_projects",
            "dbtcloud_repository.github_integration"
          ]
        }
      ]
    },
    {
      "mode": "managed",
      "type": "dbtcloud_repository",
      "name": "github_integration",
      "provider": "provider[\"registry.terraform.io/dbt-labs/dbtcloud\"]",
      "instances": [
        {
          "index_key": "Customer C",
          "schema_version": 0,
          "attributes": {
            "azure_active_directory_project_id": "",
            "azure_active_directory_repository_id": "",
            "azure_bypass_webhook_registration_failure": false,
            "deploy_key": "ssh-rsa AAAAB3NzaC1yc2EAAAADAQABAAACAQDKRFGkwqAr1FdYaj4gyWbzz73Hs4eSHv+f1dciIWBUuhVn6FhbcCgjGMYj9hfDrkR61AHPAOiNRAS5ZYpARqTFCyQu762tvqgN2RmWvzY6L88rSuuK4lCcZyz37fa6qFjruAfG26XSQnEyNMlIfROeo/ImH8BV+zppXFpiTCY0hreivRDUCSSJPDgLFnE7moHeGz7yLhHxG2STAoPftSzT3J6Om6FU7+d3+wQg5uTSpRrFVdj3swhI9a2P+T9NvliJ24ZSuJHtozYF+1iWm54dmmlNSl71gM0CnnkPkTYHEge84yJvI1ku+jkKLg16ueldgMFYvJRabBfXHN6IcDo1xjKIdWVPUXGkT21/Q1HioWaRlHNZgY6KZti6lKYotv1yIcu3wApIUIJivau+j+QV7mAFuFEheWCs5+K6su28kYFZ8AqhNynNLrt1GQ6fXNyqoiqYrvpi1n7p9yznawPruUWEG3OKCcSDkAnVnH2hszuNrP2+WfSt3EnDN3cOb/EnNHQVsX0MUy69ZGi2dg/e/MTQ9vkxJ30Rc65YCVD+Gh3K8bvAdk+pfO7E6N2J6VU9EBXFWrY8lTy+bNT8LO/6DwV314rTV0ZqfdU6S8cXi2cDDa4qBnidZMKObtjKBzpjvf4m9nV5IOrv/2F4DASyOJdj4guLonCtGZDKlxWWvQ==",
            "fetch_deploy_key": false,
            "git_clone_strategy": "github_app",
            "github_installation_id": 267820,
            "gitlab_project_id": 0,
            "id": "378019:229600",
            "is_active": true,
            "project_id": 378019,
            "remote_url": "git@github.com:christineberger/dbt-demo-snowflake.git",
            "repository_credentials_id": 0,
            "repository_id": 229600
          },
          "sensitive_attributes": [],
          "private": "bnVsbA==",
          "dependencies": [
            "dbtcloud_project.customer_projects"
          ]
        }
      ]
    }
  ],
  "check_results": null
}
