{
  "version": 4,
  "terraform_version": "1.9.5",
  "serial": 3,
  "lineage": "e75d9565-a41b-9b99-b5e4-bc56024bae9b",
  "outputs": {},
  "resources": [
    {
      "mode": "managed",
      "type": "dbtcloud_project",
      "name": "customer_project",
      "provider": "provider[\"registry.terraform.io/dbt-labs/dbtcloud\"]",
      "instances": [
        {
          "schema_version": 0,
          "attributes": {
            "dbt_project_subdirectory": "",
            "id": "378011",
            "name": "Customer B"
          },
          "sensitive_attributes": [],
          "private": "bnVsbA=="
        }
      ]
    },
    {
      "mode": "managed",
      "type": "dbtcloud_repository",
      "name": "dbt_project_repo",
      "provider": "provider[\"registry.terraform.io/dbt-labs/dbtcloud\"]",
      "instances": [
        {
          "schema_version": 0,
          "attributes": {
            "azure_active_directory_project_id": "",
            "azure_active_directory_repository_id": "",
            "azure_bypass_webhook_registration_failure": false,
            "deploy_key": "ssh-rsa AAAAB3NzaC1yc2EAAAADAQABAAACAQDRPDZGcbwAs9qc5bRqCDLjzxN/jf5IijW9mmLycijKeYvxb4LGG2fS5Sme2tKpvt8a/Z7ZmwozLf9z8kXA/nb09RxjZaTw++w6fNcjngRcwn9H1m1P63G8WjZu4pz2NuGdyiSNFJJoXzJX5v5ilIVEWZpJjMrnZxYFnU+vy34MDBIFuxq4sOl/s9GhpOUeaD7gVcWy9SQ5QLLTP7BfGpaYnciJQ0kv3jLc7wh2ajiuiWhUXiV1Jw6rx3sD4+12k0xrqvVZpgZDK0Jy5kCxvpgTMzelKJ2NtNKlpAm/HBGE3ga3aDV4vKRTwXa5UrFA5I4rie/ptzWLkcc8+EgW4IYcX46QZT+iPKiokhc1hR2WfOZ5n8tGzV2pzZrycUrDTDmLuYCFYYfTPBYY0w4VAUo2zToA5BkZ+hM7UbyJYB5P9tRmMiuA2j63RTcZ9KBN+F+swwf8mjV+LfhPWQ88N9FiFSlN8k35uLIIWsNBdbaveeysblE5VZR+qpc5En8x5bCd/FADUzrH3lUjbjzvfs52Jho8/NygTGNcnw34HwFpHWJryxmSj5GnjPS4qZ2yL6ioFpnbWM1iHUNxqY3BTBZbKCp3Dg6p3HWPZoE6VrqVHi+TZqCzEJO4MeFqPY2n+nlppdidhd68E34pHp9WPBg99jlglROUv4yqRXrg/A7bPw==",
            "fetch_deploy_key": false,
            "git_clone_strategy": "github_app",
            "github_installation_id": 267820,
            "gitlab_project_id": 0,
            "id": "378011:229591",
            "is_active": true,
            "project_id": 378011,
            "remote_url": "git@github.com:christineberger/dbt-demo-snowflake.git",
            "repository_credentials_id": 0,
            "repository_id": 229591
          },
          "sensitive_attributes": [],
          "private": "bnVsbA==",
          "dependencies": [
            "dbtcloud_project.customer_project"
          ]
        }
      ]
    }
  ],
  "check_results": null
}
